
Microsoft Visual Studio Solution File, Format Version 12.00
# Visual Studio Version 17
VisualStudioVersion = 17.2.32526.322
MinimumVisualStudioVersion = 10.0.40219.1
Project("{8BC9CEB8-8B4A-11D0-8D11-00A0C91BC942}") = "Sandbox", "Sandbox\Sandbox.vcxproj", "{D8DEEBBB-42D0-4DE0-A2B6-BA8DFAAEE9E1}"
EndProject
Project("{8BC9CEB8-8B4A-11D0-8D11-00A0C91BC942}") = "Ice", "Ice\Ice.vcxproj", "{ED1E1016-6F50-4043-8D91-BA7C0DF585F7}"
EndProject
Global
	GlobalSection(SolutionConfigurationPlatforms) = preSolution
		Debug|x64 = Debug|x64
		Debug|x86 = Debug|x86
		Release|x64 = Release|x64
		Release|x86 = Release|x86
	EndGlobalSection
	GlobalSection(ProjectConfigurationPlatforms) = postSolution
		{ED1E1016-6F50-4043-8D91-BA7C0DF585F7}.Debug|x64.ActiveCfg = Debug|x64
		{ED1E1016-6F50-4043-8D91-BA7C0DF585F7}.Debug|x64.Build.0 = Debug|x64
		{ED1E1016-6F50-4043-8D91-BA7C0DF585F7}.Debug|x86.ActiveCfg = Debug|Win32
		{ED1E1016-6F50-4043-8D91-BA7C0DF585F7}.Debug|x86.Build.0 = Debug|Win32
		{ED1E1016-6F50-4043-8D91-BA7C0DF585F7}.Release|x64.ActiveCfg = Release|x64
		{ED1E1016-6F50-4043-8D91-BA7C0DF585F7}.Release|x64.Build.0 = Release|x64
		{ED1E1016-6F50-4043-8D91-BA7C0DF585F7}.Release|x86.ActiveCfg = Release|x64
		{D8DEEBBB-42D0-4DE0-A2B6-BA8DFAAEE9E1}.Debug|x64.ActiveCfg = Debug|x64
		{D8DEEBBB-42D0-4DE0-A2B6-BA8DFAAEE9E1}.Debug|x64.Build.0 = Debug|x64
		{D8DEEBBB-42D0-4DE0-A2B6-BA8DFAAEE9E1}.Debug|x86.ActiveCfg = Debug|x64
		{D8DEEBBB-42D0-4DE0-A2B6-BA8DFAAEE9E1}.Release|x64.ActiveCfg = Release|x64
		{D8DEEBBB-42D0-4DE0-A2B6-BA8DFAAEE9E1}.Release|x64.Build.0 = Release|x64
		{D8DEEBBB-42D0-4DE0-A2B6-BA8DFAAEE9E1}.Release|x86.ActiveCfg = Release|x64
	EndGlobalSection
	GlobalSection(SolutionProperties) = preSolution
		HideSolutionNode = FALSE
	EndGlobalSection
	GlobalSection(ExtensibilityGlobals) = postSolution
		SolutionGuid = {92203B04-F3FC-43D0-9A5A-7406C8E144CB}
	EndGlobalSection
EndGlobal
